# generated by rye
# use `rye lock` or `rye sync` to update this lockfile
#
# last locked with the following flags:
#   pre: false
#   features: []
#   all-features: false
#   with-sources: false

-e file:.
ansible==10.3.0
    # via vulcanus-proxmox
ansible-core==2.17.3
    # via ansible
cffi==1.17.0
    # via cryptography
cfgv==3.4.0
    # via pre-commit
cryptography==43.0.0
    # via ansible-core
distlib==0.3.8
    # via virtualenv
filelock==3.15.4
    # via virtualenv
identify==2.6.0
    # via pre-commit
jinja2==3.1.4
    # via ansible-core
markupsafe==2.1.5
    # via jinja2
nodeenv==1.9.1
    # via pre-commit
packaging==24.1
    # via ansible-core
platformdirs==4.2.2
    # via virtualenv
pre-commit==3.8.0
pycparser==2.22
    # via cffi
pyyaml==6.0.2
    # via ansible-core
    # via pre-commit
resolvelib==1.0.1
    # via ansible-core
virtualenv==20.26.3
    # via pre-commit
